// !$*UTF8*$!
{
	archiveVersion = 1;
	classes = {
	};
	objectVersion = 50;
	objects = {

/* Begin PBXBuildFile section */
		A68629FA26452A840063FF7E /* AppDelegate.swift in Sources */ = {isa = PBXBuildFile; fileRef = A68629F926452A840063FF7E /* AppDelegate.swift */; };
		A68629FC26452A840063FF7E /* SceneDelegate.swift in Sources */ = {isa = PBXBuildFile; fileRef = A68629FB26452A840063FF7E /* SceneDelegate.swift */; };
		A6862A0126452A840063FF7E /* Main.storyboard in Resources */ = {isa = PBXBuildFile; fileRef = A68629FF26452A840063FF7E /* Main.storyboard */; };
		A6862A0326452A860063FF7E /* Assets.xcassets in Resources */ = {isa = PBXBuildFile; fileRef = A6862A0226452A860063FF7E /* Assets.xcassets */; };
		A6862A0626452A860063FF7E /* LaunchScreen.storyboard in Resources */ = {isa = PBXBuildFile; fileRef = A6862A0426452A860063FF7E /* LaunchScreen.storyboard */; };
		A6862A0E26452C800063FF7E /* PostTableViewController.swift in Sources */ = {isa = PBXBuildFile; fileRef = A6862A0D26452C800063FF7E /* PostTableViewController.swift */; };
		A6862A102645306C0063FF7E /* PostContentView.swift in Sources */ = {isa = PBXBuildFile; fileRef = A6862A0F2645306C0063FF7E /* PostContentView.swift */; };
/* End PBXBuildFile section */

/* Begin PBXFileReference section */
		A68629F626452A840063FF7E /* DemoSectionHeaderDynamicHeight.app */ = {isa = PBXFileReference; explicitFileType = wrapper.application; includeInIndex = 0; path = DemoSectionHeaderDynamicHeight.app; sourceTree = BUILT_PRODUCTS_DIR; };
		A68629F926452A840063FF7E /* AppDelegate.swift */ = {isa = PBXFileReference; lastKnownFileType = sourcecode.swift; path = AppDelegate.swift; sourceTree = "<group>"; };
		A68629FB26452A840063FF7E /* SceneDelegate.swift */ = {isa = PBXFileReference; lastKnownFileType = sourcecode.swift; path = SceneDelegate.swift; sourceTree = "<group>"; };
		A6862A0026452A840063FF7E /* Base */ = {isa = PBXFileReference; lastKnownFileType = file.storyboard; name = Base; path = Base.lproj/Main.storyboard; sourceTree = "<group>"; };
		A6862A0226452A860063FF7E /* Assets.xcassets */ = {isa = PBXFileReference; lastKnownFileType = folder.assetcatalog; path = Assets.xcassets; sourceTree = "<group>"; };
		A6862A0526452A860063FF7E /* Base */ = {isa = PBXFileReference; lastKnownFileType = file.storyboard; name = Base; path = Base.lproj/LaunchScreen.storyboard; sourceTree = "<group>"; };
		A6862A0726452A860063FF7E /* Info.plist */ = {isa = PBXFileReference; lastKnownFileType = text.plist.xml; path = Info.plist; sourceTree = "<group>"; };
		A6862A0D26452C800063FF7E /* PostTableViewController.swift */ = {isa = PBXFileReference; lastKnownFileType = sourcecode.swift; path = PostTableViewController.swift; sourceTree = "<group>"; };
		A6862A0F2645306C0063FF7E /* PostContentView.swift */ = {isa = PBXFileReference; lastKnownFileType = sourcecode.swift; path = PostContentView.swift; sourceTree = "<group>"; };
/* End PBXFileReference section */

/* Begin PBXFrameworksBuildPhase section */
		A68629F326452A840063FF7E /* Frameworks */ = {
			isa = PBXFrameworksBuildPhase;
			buildActionMask = 2147483647;
			files = (
			);
			runOnlyForDeploymentPostprocessing = 0;
		};
/* End PBXFrameworksBuildPhase section */

/* Begin PBXGroup section */
		A68629ED26452A840063FF7E = {
			isa = PBXGroup;
			children = (
				A68629F826452A840063FF7E /* DemoSectionHeaderDynamicHeight */,
				A68629F726452A840063FF7E /* Products */,
			);
			sourceTree = "<group>";
		};
		A68629F726452A840063FF7E /* Products */ = {
			isa = PBXGroup;
			children = (
				A68629F626452A840063FF7E /* DemoSectionHeaderDynamicHeight.app */,
			);
			name = Products;
			sourceTree = "<group>";
		};
		A68629F826452A840063FF7E /* DemoSectionHeaderDynamicHeight */ = {
			isa = PBXGroup;
			children = (
				A68629F926452A840063FF7E /* AppDelegate.swift */,
				A68629FB26452A840063FF7E /* SceneDelegate.swift */,
				A68629FF26452A840063FF7E /* Main.storyboard */,
				A6862A0D26452C800063FF7E /* PostTableViewController.swift */,
				A6862A0F2645306C0063FF7E /* PostContentView.swift */,
				A6862A0226452A860063FF7E /* Assets.xcassets */,
				A6862A0426452A860063FF7E /* LaunchScreen.storyboard */,
				A6862A0726452A860063FF7E /* Info.plist */,
			);
			path = DemoSectionHeaderDynamicHeight;
			sourceTree = "<group>";
		};
/* End PBXGroup section */

/* Begin PBXNativeTarget section */
		A68629F526452A840063FF7E /* DemoSectionHeaderDynamicHeight */ = {
			isa = PBXNativeTarget;
			buildConfigurationList = A6862A0A26452A860063FF7E /* Build configuration list for PBXNativeTarget "DemoSectionHeaderDynamicHeight" */;
			buildPhases = (
				A68629F226452A840063FF7E /* Sources */,
				A68629F326452A840063FF7E /* Frameworks */,
				A68629F426452A840063FF7E /* Resources */,
			);
			buildRules = (
			);
			dependencies = (
			);
			name = DemoSectionHeaderDynamicHeight;
			productName = DemoSectionHeaderDynamicHeight;
			productReference = A68629F626452A840063FF7E /* DemoSectionHeaderDynamicHeight.app */;
			productType = "com.apple.product-type.application";
		};
/* End PBXNativeTarget section */

/* Begin PBXProject section */
		A68629EE26452A840063FF7E /* Project object */ = {
			isa = PBXProject;
			attributes = {
				LastSwiftUpdateCheck = 1250;
				LastUpgradeCheck = 1250;
				TargetAttributes = {
					A68629F526452A840063FF7E = {
						CreatedOnToolsVersion = 12.5;
					};
				};
			};
			buildConfigurationList = A68629F126452A840063FF7E /* Build configuration list for PBXProject "DemoSectionHeaderDynamicHeight" */;
			compatibilityVersion = "Xcode 9.3";
			developmentRegion = en;
			hasScannedForEncodings = 0;
			knownRegions = (
				en,
				Base,
			);
			mainGroup = A68629ED26452A840063FF7E;
			productRefGroup = A68629F726452A840063FF7E /* Products */;
			projectDirPath = "";
			projectRoot = "";
			targets = (
				A68629F526452A840063FF7E /* DemoSectionHeaderDynamicHeight */,
			);
		};
/* End PBXProject section */

/* Begin PBXResourcesBuildPhase section */
		A68629F426452A840063FF7E /* Resources */ = {
			isa = PBXResourcesBuildPhase;
			buildActionMask = 2147483647;
			files = (
				A6862A0626452A860063FF7E /* LaunchScreen.storyboard in Resources */,
				A6862A0326452A860063FF7E /* Assets.xcassets in Resources */,
				A6862A0126452A840063FF7E /* Main.storyboard in Resources */,
			);
			runOnlyForDeploymentPostprocessing = 0;
		};
/* End PBXResourcesBuildPhase section */

/* Begin PBXSourcesBuildPhase section */
		A68629F226452A840063FF7E /* Sources */ = {
			isa = PBXSourcesBuildPhase;
			buildActionMask = 2147483647;
			files = (
				A6862A102645306C0063FF7E /* PostContentView.swift in Sources */,
				A6862A0E26452C800063FF7E /* PostTableViewController.swift in Sources */,
				A68629FA26452A840063FF7E /* AppDelegate.swift in Sources */,
				A68629FC26452A840063FF7E /* SceneDelegate.swift in Sources */,
			);
			runOnlyForDeploymentPostprocessing = 0;
		};
/* End PBXSourcesBuildPhase section */

/* Begin PBXVariantGroup section */
		A68629FF26452A840063FF7E /* Main.storyboard */ = {
			isa = PBXVariantGroup;
			children = (
				A6862A0026452A840063FF7E /* Base */,
			);
			name = Main.storyboard;
			sourceTree = "<group>";
		};
		A6862A0426452A860063FF7E /* LaunchScreen.storyboard */ = {
			isa = PBXVariantGroup;
			children = (
				A6862A0526452A860063FF7E /* Base */,
			);
			name = LaunchScreen.storyboard;
			sourceTree = "<group>";
		};
/* End PBXVariantGroup section */

/* Begin XCBuildConfiguration section */
		A6862A0826452A860063FF7E /* Debug */ = {
			isa = XCBuildConfiguration;
			buildSettings = {
				ALWAYS_SEARCH_USER_PATHS = NO;
				CLANG_ANALYZER_NONNULL = YES;
				CLANG_ANALYZER_NUMBER_OBJECT_CONVERSION = YES_AGGRESSIVE;
				CLANG_CXX_LANGUAGE_STANDARD = "gnu++14";
				CLANG_CXX_LIBRARY = "libc++";
				CLANG_ENABLE_MODULES = YES;
				CLANG_ENABLE_OBJC_ARC = YES;
				CLANG_ENABLE_OBJC_WEAK = YES;
				CLANG_WARN_BLOCK_CAPTURE_AUTORELEASING = YES;
				CLANG_WARN_BOOL_CONVERSION = YES;
				CLANG_WARN_COMMA = YES;
				CLANG_WARN_CONSTANT_CONVERSION = YES;
				CLANG_WARN_DEPRECATED_OBJC_IMPLEMENTATIONS = YES;
				CLANG_WARN_DIRECT_OBJC_ISA_USAGE = YES_ERROR;
				CLANG_WARN_DOCUMENTATION_COMMENTS = YES;
				CLANG_WARN_EMPTY_BODY = YES;
				CLANG_WARN_ENUM_CONVERSION = YES;
				CLANG_WARN_INFINITE_RECURSION = YES;
				CLANG_WARN_INT_CONVERSION = YES;
				CLANG_WARN_NON_LITERAL_NULL_CONVERSION = YES;
				CLANG_WARN_OBJC_IMPLICIT_RETAIN_SELF = YES;
				CLANG_WARN_OBJC_LITERAL_CONVERSION = YES;
				CLANG_WARN_OBJC_ROOT_CLASS = YES_ERROR;
				CLANG_WARN_QUOTED_INCLUDE_IN_FRAMEWORK_HEADER = YES;
				CLANG_WARN_RANGE_LOOP_ANALYSIS = YES;
				CLANG_WARN_STRICT_PROTOTYPES = YES;
				CLANG_WARN_SUSPICIOUS_MOVE = YES;
				CLANG_WARN_UNGUARDED_AVAILABILITY = YES_AGGRESSIVE;
				CLANG_WARN_UNREACHABLE_CODE = YES;
				CLANG_WARN__DUPLICATE_METHOD_MATCH = YES;
				COPY_PHASE_STRIP = NO;
				DEBUG_INFORMATION_FORMAT = dwarf;
				ENABLE_STRICT_OBJC_MSGSEND = YES;
				ENABLE_TESTABILITY = YES;
				GCC_C_LANGUAGE_STANDARD = gnu11;
				GCC_DYNAMIC_NO_PIC = NO;
				GCC_NO_COMMON_BLOCKS = YES;
				GCC_OPTIMIZATION_LEVEL = 0;
				GCC_PREPROCESSOR_DEFINITIONS = (
					"DEBUG=1",
					"$(inherited)",
				);
				GCC_WARN_64_TO_32_BIT_CONVERSION = YES;
				GCC_WARN_ABOUT_RETURN_TYPE = YES_ERROR;
				GCC_WARN_UNDECLARED_SELECTOR = YES;
				GCC_WARN_UNINITIALIZED_AUTOS = YES_AGGRESSIVE;
				GCC_WARN_UNUSED_FUNCTION = YES;
				GCC_WARN_UNUSED_VARIABLE = YES;
				IPHONEOS_DEPLOYMENT_TARGET = 14.5;
				MTL_ENABLE_DEBUG_INFO = INCLUDE_SOURCE;
				MTL_FAST_MATH = YES;
				ONLY_ACTIVE_ARCH = YES;
				SDKROOT = iphoneos;
				SWIFT_ACTIVE_COMPILATION_CONDITIONS = DEBUG;
				SWIFT_OPTIMIZATION_LEVEL = "-Onone";
			};
			name = Debug;
		};
		A6862A0926452A860063FF7E /* Release */ = {
			isa = XCBuildConfiguration;
			buildSettings = {
				ALWAYS_SEARCH_USER_PATHS = NO;
				CLANG_ANALYZER_NONNULL = YES;
				CLANG_ANALYZER_NUMBER_OBJECT_CONVERSION = YES_AGGRESSIVE;
				CLANG_CXX_LANGUAGE_STANDARD = "gnu++14";
				CLANG_CXX_LIBRARY = "libc++";
				CLANG_ENABLE_MODULES = YES;
				CLANG_ENABLE_OBJC_ARC = YES;
				CLANG_ENABLE_OBJC_WEAK = YES;
				CLANG_WARN_BLOCK_CAPTURE_AUTORELEASING = YES;
				CLANG_WARN_BOOL_CONVERSION = YES;
				CLANG_WARN_COMMA = YES;
				CLANG_WARN_CONSTANT_CONVERSION = YES;
				CLANG_WARN_DEPRECATED_OBJC_IMPLEMENTATIONS = YES;
				CLANG_WARN_DIRECT_OBJC_ISA_USAGE = YES_ERROR;
				CLANG_WARN_DOCUMENTATION_COMMENTS = YES;
				CLANG_WARN_EMPTY_BODY = YES;
				CLANG_WARN_ENUM_CONVERSION = YES;
				CLANG_WARN_INFINITE_RECURSION = YES;
				CLANG_WARN_INT_CONVERSION = YES;
				CLANG_WARN_NON_LITERAL_NULL_CONVERSION = YES;
				CLANG_WARN_OBJC_IMPLICIT_RETAIN_SELF = YES;
				CLANG_WARN_OBJC_LITERAL_CONVERSION = YES;
				CLANG_WARN_OBJC_ROOT_CLASS = YES_ERROR;
				CLANG_WARN_QUOTED_INCLUDE_IN_FRAMEWORK_HEADER = YES;
				CLANG_WARN_RANGE_LOOP_ANALYSIS = YES;
				CLANG_WARN_STRICT_PROTOTYPES = YES;
				CLANG_WARN_SUSPICIOUS_MOVE = YES;
				CLANG_WARN_UNGUARDED_AVAILABILITY = YES_AGGRESSIVE;
				CLANG_WARN_UNREACHABLE_CODE = YES;
				CLANG_WARN__DUPLICATE_METHOD_MATCH = YES;
				COPY_PHASE_STRIP = NO;
				DEBUG_INFORMATION_FORMAT = "dwarf-with-dsym";
				ENABLE_NS_ASSERTIONS = NO;
				ENABLE_STRICT_OBJC_MSGSEND = YES;
				GCC_C_LANGUAGE_STANDARD = gnu11;
				GCC_NO_COMMON_BLOCKS = YES;
				GCC_WARN_64_TO_32_BIT_CONVERSION = YES;
				GCC_WARN_ABOUT_RETURN_TYPE = YES_ERROR;
				GCC_WARN_UNDECLARED_SELECTOR = YES;
				GCC_WARN_UNINITIALIZED_AUTOS = YES_AGGRESSIVE;
				GCC_WARN_UNUSED_FUNCTION = YES;
				GCC_WARN_UNUSED_VARIABLE = YES;
				IPHONEOS_DEPLOYMENT_TARGET = 14.5;
				MTL_ENABLE_DEBUG_INFO = NO;
				MTL_FAST_MATH = YES;
				SDKROOT = iphoneos;
				SWIFT_COMPILATION_MODE = wholemodule;
				SWIFT_OPTIMIZATION_LEVEL = "-O";
				VALIDATE_PRODUCT = YES;
			};
			name = Release;
		};
		A6862A0B26452A860063FF7E /* Debug */ = {
			isa = XCBuildConfiguration;
			buildSettings = {
				ASSETCATALOG_COMPILER_APPICON_NAME = AppIcon;
				ASSETCATALOG_COMPILER_GLOBAL_ACCENT_COLOR_NAME = AccentColor;
				CODE_SIGN_STYLE = Automatic;
				INFOPLIST_FILE = DemoSectionHeaderDynamicHeight/Info.plist;
				LD_RUNPATH_SEARCH_PATHS = (
					"$(inherited)",
					"@executable_path/Frameworks",
				);
				PRODUCT_BUNDLE_IDENTIFIER = com.peter.DemoSectionHeaderDynamicHeight;
				PRODUCT_NAME = "$(TARGET_NAME)";
				SWIFT_VERSION = 5.0;
				TARGETED_DEVICE_FAMILY = "1,2";
			};
			name = Debug;
		};
		A6862A0C26452A860063FF7E /* Release */ = {
			isa = XCBuildConfiguration;
			buildSettings = {
				ASSETCATALOG_COMPILER_APPICON_NAME = AppIcon;
				ASSETCATALOG_COMPILER_GLOBAL_ACCENT_COLOR_NAME = AccentColor;
				CODE_SIGN_STYLE = Automatic;
				INFOPLIST_FILE = DemoSectionHeaderDynamicHeight/Info.plist;
				LD_RUNPATH_SEARCH_PATHS = (
					"$(inherited)",
					"@executable_path/Frameworks",
				);
				PRODUCT_BUNDLE_IDENTIFIER = com.peter.DemoSectionHeaderDynamicHeight;
				PRODUCT_NAME = "$(TARGET_NAME)";
				SWIFT_VERSION = 5.0;
				TARGETED_DEVICE_FAMILY = "1,2";
			};
			name = Release;
		};
/* End XCBuildConfiguration section */

/* Begin XCConfigurationList section */
		A68629F126452A840063FF7E /* Build configuration list for PBXProject "DemoSectionHeaderDynamicHeight" */ = {
			isa = XCConfigurationList;
			buildConfigurations = (
				A6862A0826452A860063FF7E /* Debug */,
				A6862A0926452A860063FF7E /* Release */,
			);
			defaultConfigurationIsVisible = 0;
			defaultConfigurationName = Release;
		};
		A6862A0A26452A860063FF7E /* Build configuration list for PBXNativeTarget "DemoSectionHeaderDynamicHeight" */ = {
			isa = XCConfigurationList;
			buildConfigurations = (
				A6862A0B26452A860063FF7E /* Debug */,
				A6862A0C26452A860063FF7E /* Release */,
			);
			defaultConfigurationIsVisible = 0;
			defaultConfigurationName = Release;
		};
/* End XCConfigurationList section */
	};
	rootObject = A68629EE26452A840063FF7E /* Project object */;
}
